
Microsoft Visual Studio Solution File, Format Version 12.00
# Visual Studio 14
VisualStudioVersion = 14.0.25123.0
MinimumVisualStudioVersion = 10.0.40219.1
Project("{8BC9CEB8-8B4A-11D0-8D11-00A0C91BC942}") = "Easy", "Easy\Easy.vcxproj", "{08863439-1193-4326-B07D-4B9D78E6F265}"
EndProject
Project("{8BC9CEB8-8B4A-11D0-8D11-00A0C91BC942}") = "Medium", "Medium\Medium.vcxproj", "{B33C9D8A-9D7F-429C-AFF2-10BB92AFE503}"
EndProject
Project("{8BC9CEB8-8B4A-11D0-8D11-00A0C91BC942}") = "Hard", "Hard\Hard.vcxproj", "{C001C0A9-C092-4624-B4F6-81122A612960}"
EndProject
Global
	GlobalSection(SolutionConfigurationPlatforms) = preSolution
		Debug|x64 = Debug|x64
		Debug|x86 = Debug|x86
		Release|x64 = Release|x64
		Release|x86 = Release|x86
	EndGlobalSection
	GlobalSection(ProjectConfigurationPlatforms) = postSolution
		{08863439-1193-4326-B07D-4B9D78E6F265}.Debug|x64.ActiveCfg = Debug|x64
		{08863439-1193-4326-B07D-4B9D78E6F265}.Debug|x64.Build.0 = Debug|x64
		{08863439-1193-4326-B07D-4B9D78E6F265}.Debug|x86.ActiveCfg = Debug|Win32
		{08863439-1193-4326-B07D-4B9D78E6F265}.Debug|x86.Build.0 = Debug|Win32
		{08863439-1193-4326-B07D-4B9D78E6F265}.Release|x64.ActiveCfg = Release|x64
		{08863439-1193-4326-B07D-4B9D78E6F265}.Release|x64.Build.0 = Release|x64
		{08863439-1193-4326-B07D-4B9D78E6F265}.Release|x86.ActiveCfg = Release|Win32
		{08863439-1193-4326-B07D-4B9D78E6F265}.Release|x86.Build.0 = Release|Win32
		{B33C9D8A-9D7F-429C-AFF2-10BB92AFE503}.Debug|x64.ActiveCfg = Debug|x64
		{B33C9D8A-9D7F-429C-AFF2-10BB92AFE503}.Debug|x64.Build.0 = Debug|x64
		{B33C9D8A-9D7F-429C-AFF2-10BB92AFE503}.Debug|x86.ActiveCfg = Debug|Win32
		{B33C9D8A-9D7F-429C-AFF2-10BB92AFE503}.Debug|x86.Build.0 = Debug|Win32
		{B33C9D8A-9D7F-429C-AFF2-10BB92AFE503}.Release|x64.ActiveCfg = Release|x64
		{B33C9D8A-9D7F-429C-AFF2-10BB92AFE503}.Release|x64.Build.0 = Release|x64
		{B33C9D8A-9D7F-429C-AFF2-10BB92AFE503}.Release|x86.ActiveCfg = Release|Win32
		{B33C9D8A-9D7F-429C-AFF2-10BB92AFE503}.Release|x86.Build.0 = Release|Win32
		{C001C0A9-C092-4624-B4F6-81122A612960}.Debug|x64.ActiveCfg = Debug|x64
		{C001C0A9-C092-4624-B4F6-81122A612960}.Debug|x64.Build.0 = Debug|x64
		{C001C0A9-C092-4624-B4F6-81122A612960}.Debug|x86.ActiveCfg = Debug|Win32
		{C001C0A9-C092-4624-B4F6-81122A612960}.Debug|x86.Build.0 = Debug|Win32
		{C001C0A9-C092-4624-B4F6-81122A612960}.Release|x64.ActiveCfg = Release|x64
		{C001C0A9-C092-4624-B4F6-81122A612960}.Release|x64.Build.0 = Release|x64
		{C001C0A9-C092-4624-B4F6-81122A612960}.Release|x86.ActiveCfg = Release|Win32
		{C001C0A9-C092-4624-B4F6-81122A612960}.Release|x86.Build.0 = Release|Win32
	EndGlobalSection
	GlobalSection(SolutionProperties) = preSolution
		HideSolutionNode = FALSE
	EndGlobalSection
EndGlobal
